
Microsoft Visual Studio Solution File, Format Version 12.00
# Visual Studio 15
VisualStudioVersion = 15.0.28010.2046
MinimumVisualStudioVersion = 10.0.40219.1
Project("{2150E333-8FDC-42A3-9474-1A3956D46DE8}") = "Docs", "Docs", "{F05AA570-5154-426D-960C-FEE1489C4662}"
	ProjectSection(SolutionItems) = preProject
		Readme.md = Readme.md
	EndProjectSection
EndProject
Project("{2150E333-8FDC-42A3-9474-1A3956D46DE8}") = "Src", "Src", "{C8E7DA8F-2CC2-4503-800C-0E08B82D5DD5}"
EndProject
Project("{2150E333-8FDC-42A3-9474-1A3956D46DE8}") = "Tests", "Tests", "{6D5423C7-97D0-4B83-BE88-B06C0CC71DD3}"
EndProject
Project("{2150E333-8FDC-42A3-9474-1A3956D46DE8}") = "Core", "Core", "{595EFF49-7935-458A-B5E7-31F132F3172E}"
EndProject
Project("{FAE04EC0-301F-11D3-BF4B-00C04F79EFBC}") = "QuickForecaster.Domain", "QuickForecaster.Domain\QuickForecaster.Domain.csproj", "{B74ADC37-8711-4F7C-A423-AF02FD3D98E8}"
EndProject
Project("{FAE04EC0-301F-11D3-BF4B-00C04F79EFBC}") = "QuickForecaster.Application", "QuickForecaster.Application\QuickForecaster.Application.csproj", "{926ED632-594E-433B-BA36-53C2D90ABD80}"
EndProject
Project("{2150E333-8FDC-42A3-9474-1A3956D46DE8}") = "Infrastructure", "Infrastructure", "{CF0327ED-1C97-4E34-9157-81F00A91234F}"
EndProject
Project("{FAE04EC0-301F-11D3-BF4B-00C04F79EFBC}") = "QuickForecaster.Persistence", "QuickForecaster.Persistence\QuickForecaster.Persistence.csproj", "{2DB0ADF7-7133-43EC-89F6-594FF45532F9}"
EndProject
Project("{2150E333-8FDC-42A3-9474-1A3956D46DE8}") = "Presentation", "Presentation", "{7E34F914-C6BE-4F9C-A6C9-829E87BC0C88}"
EndProject
Project("{FAE04EC0-301F-11D3-BF4B-00C04F79EFBC}") = "QuickForecaster.Web", "QuickForecaster.Web\QuickForecaster.Web.csproj", "{2BA04E82-105A-465C-8800-CFF8C824358C}"
EndProject
Global
	GlobalSection(SolutionConfigurationPlatforms) = preSolution
		Debug|Any CPU = Debug|Any CPU
		Release|Any CPU = Release|Any CPU
	EndGlobalSection
	GlobalSection(ProjectConfigurationPlatforms) = postSolution
		{B74ADC37-8711-4F7C-A423-AF02FD3D98E8}.Debug|Any CPU.ActiveCfg = Debug|Any CPU
		{B74ADC37-8711-4F7C-A423-AF02FD3D98E8}.Debug|Any CPU.Build.0 = Debug|Any CPU
		{B74ADC37-8711-4F7C-A423-AF02FD3D98E8}.Release|Any CPU.ActiveCfg = Release|Any CPU
		{B74ADC37-8711-4F7C-A423-AF02FD3D98E8}.Release|Any CPU.Build.0 = Release|Any CPU
		{926ED632-594E-433B-BA36-53C2D90ABD80}.Debug|Any CPU.ActiveCfg = Debug|Any CPU
		{926ED632-594E-433B-BA36-53C2D90ABD80}.Debug|Any CPU.Build.0 = Debug|Any CPU
		{926ED632-594E-433B-BA36-53C2D90ABD80}.Release|Any CPU.ActiveCfg = Release|Any CPU
		{926ED632-594E-433B-BA36-53C2D90ABD80}.Release|Any CPU.Build.0 = Release|Any CPU
		{2DB0ADF7-7133-43EC-89F6-594FF45532F9}.Debug|Any CPU.ActiveCfg = Debug|Any CPU
		{2DB0ADF7-7133-43EC-89F6-594FF45532F9}.Debug|Any CPU.Build.0 = Debug|Any CPU
		{2DB0ADF7-7133-43EC-89F6-594FF45532F9}.Release|Any CPU.ActiveCfg = Release|Any CPU
		{2DB0ADF7-7133-43EC-89F6-594FF45532F9}.Release|Any CPU.Build.0 = Release|Any CPU
		{2BA04E82-105A-465C-8800-CFF8C824358C}.Debug|Any CPU.ActiveCfg = Debug|Any CPU
		{2BA04E82-105A-465C-8800-CFF8C824358C}.Debug|Any CPU.Build.0 = Debug|Any CPU
		{2BA04E82-105A-465C-8800-CFF8C824358C}.Release|Any CPU.ActiveCfg = Release|Any CPU
		{2BA04E82-105A-465C-8800-CFF8C824358C}.Release|Any CPU.Build.0 = Release|Any CPU
	EndGlobalSection
	GlobalSection(SolutionProperties) = preSolution
		HideSolutionNode = FALSE
	EndGlobalSection
	GlobalSection(NestedProjects) = preSolution
		{595EFF49-7935-458A-B5E7-31F132F3172E} = {C8E7DA8F-2CC2-4503-800C-0E08B82D5DD5}
		{B74ADC37-8711-4F7C-A423-AF02FD3D98E8} = {595EFF49-7935-458A-B5E7-31F132F3172E}
		{926ED632-594E-433B-BA36-53C2D90ABD80} = {595EFF49-7935-458A-B5E7-31F132F3172E}
		{CF0327ED-1C97-4E34-9157-81F00A91234F} = {C8E7DA8F-2CC2-4503-800C-0E08B82D5DD5}
		{2DB0ADF7-7133-43EC-89F6-594FF45532F9} = {CF0327ED-1C97-4E34-9157-81F00A91234F}
		{7E34F914-C6BE-4F9C-A6C9-829E87BC0C88} = {C8E7DA8F-2CC2-4503-800C-0E08B82D5DD5}
		{2BA04E82-105A-465C-8800-CFF8C824358C} = {7E34F914-C6BE-4F9C-A6C9-829E87BC0C88}
	EndGlobalSection
	GlobalSection(ExtensibilityGlobals) = postSolution
		SolutionGuid = {623111B1-B3D9-483F-988E-02AF0478DC07}
	EndGlobalSection
EndGlobal
