
Microsoft Visual Studio Solution File, Format Version 12.00
# Visual Studio 15
VisualStudioVersion = 15.0.28010.2046
MinimumVisualStudioVersion = 10.0.40219.1
Project("{2150E333-8FDC-42A3-9474-1A3956D46DE8}") = "Docs", "Docs", "{F05AA570-5154-426D-960C-FEE1489C4662}"
	ProjectSection(SolutionItems) = preProject
		Readme.md = Readme.md
	EndProjectSection
EndProject
Project("{2150E333-8FDC-42A3-9474-1A3956D46DE8}") = "Src", "Src", "{C8E7DA8F-2CC2-4503-800C-0E08B82D5DD5}"
EndProject
Project("{2150E333-8FDC-42A3-9474-1A3956D46DE8}") = "Tests", "Tests", "{6D5423C7-97D0-4B83-BE88-B06C0CC71DD3}"
EndProject
Project("{2150E333-8FDC-42A3-9474-1A3956D46DE8}") = "Core", "Core", "{595EFF49-7935-458A-B5E7-31F132F3172E}"
EndProject
Project("{2150E333-8FDC-42A3-9474-1A3956D46DE8}") = "Infrastructure", "Infrastructure", "{CF0327ED-1C97-4E34-9157-81F00A91234F}"
EndProject
Project("{2150E333-8FDC-42A3-9474-1A3956D46DE8}") = "Presentation", "Presentation", "{7E34F914-C6BE-4F9C-A6C9-829E87BC0C88}"
EndProject
Project("{2150E333-8FDC-42A3-9474-1A3956D46DE8}") = "UnitTests", "UnitTests", "{524C2DE4-5FAD-4ABB-BACA-AD75E2DA36FB}"
EndProject
Project("{2150E333-8FDC-42A3-9474-1A3956D46DE8}") = "Shared", "Shared", "{9C6CB11C-AA06-416D-8555-7EA548051637}"
EndProject
Project("{2150E333-8FDC-42A3-9474-1A3956D46DE8}") = "IntegrationTests", "IntegrationTests", "{10717968-768A-4404-B929-485C56D11436}"
EndProject
Project("{2150E333-8FDC-42A3-9474-1A3956D46DE8}") = "Solution Items", "Solution Items", "{072956ED-4138-472B-AD8B-AA7215BB01BD}"
	ProjectSection(SolutionItems) = preProject
		QuickForecaster.runsettings = QuickForecaster.runsettings
	EndProjectSection
EndProject
Project("{9A19103F-16F7-4668-BE54-9A1E7A4F7556}") = "QuickForecaster.Domain", "src\QuickForecaster.Domain\QuickForecaster.Domain.csproj", "{246A4D70-C779-483E-A3CC-13A8C607121D}"
EndProject
Project("{9A19103F-16F7-4668-BE54-9A1E7A4F7556}") = "QuickForecaster.Application", "src\QuickForecaster.Application\QuickForecaster.Application.csproj", "{56ABF5F2-A4D0-4035-A42A-F2BFC2F184DC}"
EndProject
Project("{00D1A9C2-B5F0-4AF3-8072-F6C62B433612}") = "QuickForecaster.Database", "src\QuickForecaster.Database\QuickForecaster.Database.sqlproj", "{4FE5644A-DD1A-4126-B5D5-4DAAAAE1A76A}"
EndProject
Project("{9A19103F-16F7-4668-BE54-9A1E7A4F7556}") = "QuickForecaster.Infrastructure", "src\QuickForecaster.Infrastructure\QuickForecaster.Infrastructure.csproj", "{67E18CCF-5626-4DE7-A34E-0A498B083086}"
EndProject
Project("{9A19103F-16F7-4668-BE54-9A1E7A4F7556}") = "QuickForecaster.Persistence", "src\QuickForecaster.Persistence\QuickForecaster.Persistence.csproj", "{542F1B4D-AF85-42FA-8FF3-424EFFDF53AB}"
EndProject
Project("{9A19103F-16F7-4668-BE54-9A1E7A4F7556}") = "QuickForecaster.Web", "src\QuickForecaster.Web\QuickForecaster.Web.csproj", "{5C31E6A6-A9BC-4A8D-BC19-82261CF9E5AD}"
EndProject
Project("{9A19103F-16F7-4668-BE54-9A1E7A4F7556}") = "QuickForecaster.Common", "src\QuickForecaster.Common\QuickForecaster.Common.csproj", "{ECB87E6E-D09A-44EE-A038-4F2F409D74F2}"
EndProject
Project("{9A19103F-16F7-4668-BE54-9A1E7A4F7556}") = "QuickForecaster.Database.IntegrationTests", "tests\QuickForecaster.Database.IntegrationTests\QuickForecaster.Database.IntegrationTests.csproj", "{59C4CAC1-559E-4BB8-897F-BA146FE5E7E5}"
EndProject
Project("{9A19103F-16F7-4668-BE54-9A1E7A4F7556}") = "QuickForecaster.Web.IntegrationTests", "tests\QuickForecaster.Web.IntegrationTests\QuickForecaster.Web.IntegrationTests.csproj", "{ED10304B-DD3E-4779-9CC3-6199B4101249}"
EndProject
Project("{9A19103F-16F7-4668-BE54-9A1E7A4F7556}") = "QuickForecaster.Application.UnitTests", "tests\QuickForecaster.Application.UnitTests\QuickForecaster.Application.UnitTests.csproj", "{5E9B1D05-5DDD-4409-BF54-51011ED77E59}"
EndProject
Project("{FAE04EC0-301F-11D3-BF4B-00C04F79EFBC}") = "QuickForecaster.Database.TestRunner", "tests\QuickForecaster.Database.TestRunner\QuickForecaster.Database.TestRunner.csproj", "{71893160-45F4-4F2F-80B1-C73651E836F8}"
EndProject
Project("{00D1A9C2-B5F0-4AF3-8072-F6C62B433612}") = "QuickForecaster.Database.UnitTests", "tests\QuickForecaster.Database.UnitTests\QuickForecaster.Database.UnitTests.sqlproj", "{43A51819-A7CE-4E2C-A6D1-43A313141400}"
EndProject
Global
	GlobalSection(SolutionConfigurationPlatforms) = preSolution
		Debug|Any CPU = Debug|Any CPU
		Release|Any CPU = Release|Any CPU
	EndGlobalSection
	GlobalSection(ProjectConfigurationPlatforms) = postSolution
		{246A4D70-C779-483E-A3CC-13A8C607121D}.Debug|Any CPU.ActiveCfg = Debug|Any CPU
		{246A4D70-C779-483E-A3CC-13A8C607121D}.Debug|Any CPU.Build.0 = Debug|Any CPU
		{246A4D70-C779-483E-A3CC-13A8C607121D}.Release|Any CPU.ActiveCfg = Release|Any CPU
		{246A4D70-C779-483E-A3CC-13A8C607121D}.Release|Any CPU.Build.0 = Release|Any CPU
		{56ABF5F2-A4D0-4035-A42A-F2BFC2F184DC}.Debug|Any CPU.ActiveCfg = Debug|Any CPU
		{56ABF5F2-A4D0-4035-A42A-F2BFC2F184DC}.Debug|Any CPU.Build.0 = Debug|Any CPU
		{56ABF5F2-A4D0-4035-A42A-F2BFC2F184DC}.Release|Any CPU.ActiveCfg = Release|Any CPU
		{56ABF5F2-A4D0-4035-A42A-F2BFC2F184DC}.Release|Any CPU.Build.0 = Release|Any CPU
		{4FE5644A-DD1A-4126-B5D5-4DAAAAE1A76A}.Debug|Any CPU.ActiveCfg = Debug|Any CPU
		{4FE5644A-DD1A-4126-B5D5-4DAAAAE1A76A}.Debug|Any CPU.Build.0 = Debug|Any CPU
		{4FE5644A-DD1A-4126-B5D5-4DAAAAE1A76A}.Debug|Any CPU.Deploy.0 = Debug|Any CPU
		{4FE5644A-DD1A-4126-B5D5-4DAAAAE1A76A}.Release|Any CPU.ActiveCfg = Release|Any CPU
		{4FE5644A-DD1A-4126-B5D5-4DAAAAE1A76A}.Release|Any CPU.Build.0 = Release|Any CPU
		{4FE5644A-DD1A-4126-B5D5-4DAAAAE1A76A}.Release|Any CPU.Deploy.0 = Release|Any CPU
		{67E18CCF-5626-4DE7-A34E-0A498B083086}.Debug|Any CPU.ActiveCfg = Debug|Any CPU
		{67E18CCF-5626-4DE7-A34E-0A498B083086}.Debug|Any CPU.Build.0 = Debug|Any CPU
		{67E18CCF-5626-4DE7-A34E-0A498B083086}.Release|Any CPU.ActiveCfg = Release|Any CPU
		{67E18CCF-5626-4DE7-A34E-0A498B083086}.Release|Any CPU.Build.0 = Release|Any CPU
		{542F1B4D-AF85-42FA-8FF3-424EFFDF53AB}.Debug|Any CPU.ActiveCfg = Debug|Any CPU
		{542F1B4D-AF85-42FA-8FF3-424EFFDF53AB}.Debug|Any CPU.Build.0 = Debug|Any CPU
		{542F1B4D-AF85-42FA-8FF3-424EFFDF53AB}.Release|Any CPU.ActiveCfg = Release|Any CPU
		{542F1B4D-AF85-42FA-8FF3-424EFFDF53AB}.Release|Any CPU.Build.0 = Release|Any CPU
		{5C31E6A6-A9BC-4A8D-BC19-82261CF9E5AD}.Debug|Any CPU.ActiveCfg = Debug|Any CPU
		{5C31E6A6-A9BC-4A8D-BC19-82261CF9E5AD}.Debug|Any CPU.Build.0 = Debug|Any CPU
		{5C31E6A6-A9BC-4A8D-BC19-82261CF9E5AD}.Release|Any CPU.ActiveCfg = Release|Any CPU
		{5C31E6A6-A9BC-4A8D-BC19-82261CF9E5AD}.Release|Any CPU.Build.0 = Release|Any CPU
		{ECB87E6E-D09A-44EE-A038-4F2F409D74F2}.Debug|Any CPU.ActiveCfg = Debug|Any CPU
		{ECB87E6E-D09A-44EE-A038-4F2F409D74F2}.Debug|Any CPU.Build.0 = Debug|Any CPU
		{ECB87E6E-D09A-44EE-A038-4F2F409D74F2}.Release|Any CPU.ActiveCfg = Release|Any CPU
		{ECB87E6E-D09A-44EE-A038-4F2F409D74F2}.Release|Any CPU.Build.0 = Release|Any CPU
		{59C4CAC1-559E-4BB8-897F-BA146FE5E7E5}.Debug|Any CPU.ActiveCfg = Debug|Any CPU
		{59C4CAC1-559E-4BB8-897F-BA146FE5E7E5}.Debug|Any CPU.Build.0 = Debug|Any CPU
		{59C4CAC1-559E-4BB8-897F-BA146FE5E7E5}.Release|Any CPU.ActiveCfg = Release|Any CPU
		{59C4CAC1-559E-4BB8-897F-BA146FE5E7E5}.Release|Any CPU.Build.0 = Release|Any CPU
		{ED10304B-DD3E-4779-9CC3-6199B4101249}.Debug|Any CPU.ActiveCfg = Debug|Any CPU
		{ED10304B-DD3E-4779-9CC3-6199B4101249}.Debug|Any CPU.Build.0 = Debug|Any CPU
		{ED10304B-DD3E-4779-9CC3-6199B4101249}.Release|Any CPU.ActiveCfg = Release|Any CPU
		{ED10304B-DD3E-4779-9CC3-6199B4101249}.Release|Any CPU.Build.0 = Release|Any CPU
		{5E9B1D05-5DDD-4409-BF54-51011ED77E59}.Debug|Any CPU.ActiveCfg = Debug|Any CPU
		{5E9B1D05-5DDD-4409-BF54-51011ED77E59}.Debug|Any CPU.Build.0 = Debug|Any CPU
		{5E9B1D05-5DDD-4409-BF54-51011ED77E59}.Release|Any CPU.ActiveCfg = Release|Any CPU
		{5E9B1D05-5DDD-4409-BF54-51011ED77E59}.Release|Any CPU.Build.0 = Release|Any CPU
		{71893160-45F4-4F2F-80B1-C73651E836F8}.Debug|Any CPU.ActiveCfg = Debug|Any CPU
		{71893160-45F4-4F2F-80B1-C73651E836F8}.Debug|Any CPU.Build.0 = Debug|Any CPU
		{71893160-45F4-4F2F-80B1-C73651E836F8}.Release|Any CPU.ActiveCfg = Release|Any CPU
		{71893160-45F4-4F2F-80B1-C73651E836F8}.Release|Any CPU.Build.0 = Release|Any CPU
		{43A51819-A7CE-4E2C-A6D1-43A313141400}.Debug|Any CPU.ActiveCfg = Debug|Any CPU
		{43A51819-A7CE-4E2C-A6D1-43A313141400}.Debug|Any CPU.Build.0 = Debug|Any CPU
		{43A51819-A7CE-4E2C-A6D1-43A313141400}.Debug|Any CPU.Deploy.0 = Debug|Any CPU
		{43A51819-A7CE-4E2C-A6D1-43A313141400}.Release|Any CPU.ActiveCfg = Release|Any CPU
		{43A51819-A7CE-4E2C-A6D1-43A313141400}.Release|Any CPU.Build.0 = Release|Any CPU
		{43A51819-A7CE-4E2C-A6D1-43A313141400}.Release|Any CPU.Deploy.0 = Release|Any CPU
	EndGlobalSection
	GlobalSection(SolutionProperties) = preSolution
		HideSolutionNode = FALSE
	EndGlobalSection
	GlobalSection(NestedProjects) = preSolution
		{595EFF49-7935-458A-B5E7-31F132F3172E} = {C8E7DA8F-2CC2-4503-800C-0E08B82D5DD5}
		{CF0327ED-1C97-4E34-9157-81F00A91234F} = {C8E7DA8F-2CC2-4503-800C-0E08B82D5DD5}
		{7E34F914-C6BE-4F9C-A6C9-829E87BC0C88} = {C8E7DA8F-2CC2-4503-800C-0E08B82D5DD5}
		{524C2DE4-5FAD-4ABB-BACA-AD75E2DA36FB} = {6D5423C7-97D0-4B83-BE88-B06C0CC71DD3}
		{9C6CB11C-AA06-416D-8555-7EA548051637} = {C8E7DA8F-2CC2-4503-800C-0E08B82D5DD5}
		{10717968-768A-4404-B929-485C56D11436} = {6D5423C7-97D0-4B83-BE88-B06C0CC71DD3}
		{246A4D70-C779-483E-A3CC-13A8C607121D} = {595EFF49-7935-458A-B5E7-31F132F3172E}
		{56ABF5F2-A4D0-4035-A42A-F2BFC2F184DC} = {595EFF49-7935-458A-B5E7-31F132F3172E}
		{4FE5644A-DD1A-4126-B5D5-4DAAAAE1A76A} = {CF0327ED-1C97-4E34-9157-81F00A91234F}
		{67E18CCF-5626-4DE7-A34E-0A498B083086} = {CF0327ED-1C97-4E34-9157-81F00A91234F}
		{542F1B4D-AF85-42FA-8FF3-424EFFDF53AB} = {CF0327ED-1C97-4E34-9157-81F00A91234F}
		{5C31E6A6-A9BC-4A8D-BC19-82261CF9E5AD} = {7E34F914-C6BE-4F9C-A6C9-829E87BC0C88}
		{ECB87E6E-D09A-44EE-A038-4F2F409D74F2} = {9C6CB11C-AA06-416D-8555-7EA548051637}
		{59C4CAC1-559E-4BB8-897F-BA146FE5E7E5} = {10717968-768A-4404-B929-485C56D11436}
		{ED10304B-DD3E-4779-9CC3-6199B4101249} = {10717968-768A-4404-B929-485C56D11436}
		{5E9B1D05-5DDD-4409-BF54-51011ED77E59} = {524C2DE4-5FAD-4ABB-BACA-AD75E2DA36FB}
		{71893160-45F4-4F2F-80B1-C73651E836F8} = {524C2DE4-5FAD-4ABB-BACA-AD75E2DA36FB}
		{43A51819-A7CE-4E2C-A6D1-43A313141400} = {524C2DE4-5FAD-4ABB-BACA-AD75E2DA36FB}
	EndGlobalSection
	GlobalSection(ExtensibilityGlobals) = postSolution
		SolutionGuid = {623111B1-B3D9-483F-988E-02AF0478DC07}
	EndGlobalSection
EndGlobal
