
Microsoft Visual Studio Solution File, Format Version 12.00
# Visual Studio 15
VisualStudioVersion = 15.0.28010.2046
MinimumVisualStudioVersion = 10.0.40219.1
Project("{2150E333-8FDC-42A3-9474-1A3956D46DE8}") = "Docs", "Docs", "{F05AA570-5154-426D-960C-FEE1489C4662}"
	ProjectSection(SolutionItems) = preProject
		Readme.md = Readme.md
	EndProjectSection
EndProject
Project("{2150E333-8FDC-42A3-9474-1A3956D46DE8}") = "Src", "Src", "{C8E7DA8F-2CC2-4503-800C-0E08B82D5DD5}"
EndProject
Project("{2150E333-8FDC-42A3-9474-1A3956D46DE8}") = "Tests", "Tests", "{6D5423C7-97D0-4B83-BE88-B06C0CC71DD3}"
EndProject
Project("{2150E333-8FDC-42A3-9474-1A3956D46DE8}") = "Core", "Core", "{595EFF49-7935-458A-B5E7-31F132F3172E}"
EndProject
Project("{9A19103F-16F7-4668-BE54-9A1E7A4F7556}") = "QuickForecaster.Domain", "QuickForecaster.Domain\QuickForecaster.Domain.csproj", "{B74ADC37-8711-4F7C-A423-AF02FD3D98E8}"
EndProject
Project("{9A19103F-16F7-4668-BE54-9A1E7A4F7556}") = "QuickForecaster.Application", "QuickForecaster.Application\QuickForecaster.Application.csproj", "{926ED632-594E-433B-BA36-53C2D90ABD80}"
EndProject
Project("{2150E333-8FDC-42A3-9474-1A3956D46DE8}") = "Infrastructure", "Infrastructure", "{CF0327ED-1C97-4E34-9157-81F00A91234F}"
EndProject
Project("{9A19103F-16F7-4668-BE54-9A1E7A4F7556}") = "QuickForecaster.Persistence", "QuickForecaster.Persistence\QuickForecaster.Persistence.csproj", "{2DB0ADF7-7133-43EC-89F6-594FF45532F9}"
EndProject
Project("{2150E333-8FDC-42A3-9474-1A3956D46DE8}") = "Presentation", "Presentation", "{7E34F914-C6BE-4F9C-A6C9-829E87BC0C88}"
EndProject
Project("{9A19103F-16F7-4668-BE54-9A1E7A4F7556}") = "QuickForecaster.Web", "QuickForecaster.Web\QuickForecaster.Web.csproj", "{2BA04E82-105A-465C-8800-CFF8C824358C}"
EndProject
Project("{2150E333-8FDC-42A3-9474-1A3956D46DE8}") = "UnitTests", "UnitTests", "{524C2DE4-5FAD-4ABB-BACA-AD75E2DA36FB}"
EndProject
Project("{9A19103F-16F7-4668-BE54-9A1E7A4F7556}") = "QuickForecaster.Application.UnitTests", "QuickForecaster.Application.UnitTests\QuickForecaster.Application.UnitTests.csproj", "{E9235A50-3E31-4872-A08B-2768C9FEBBF0}"
EndProject
Project("{2150E333-8FDC-42A3-9474-1A3956D46DE8}") = "Shared", "Shared", "{9C6CB11C-AA06-416D-8555-7EA548051637}"
EndProject
Project("{9A19103F-16F7-4668-BE54-9A1E7A4F7556}") = "QuickForecaster.Common", "QuickForecaster.Common\QuickForecaster.Common.csproj", "{2F8E7457-3742-46A5-94D2-C99BF8385F17}"
EndProject
Project("{9A19103F-16F7-4668-BE54-9A1E7A4F7556}") = "QuickForecaster.Infrastructure", "QuickForecaster.Infrastructure\QuickForecaster.Infrastructure.csproj", "{D69CAAC0-5704-4B0A-8DE9-0C9E92DE69F2}"
EndProject
Project("{2150E333-8FDC-42A3-9474-1A3956D46DE8}") = "IntegrationTests", "IntegrationTests", "{10717968-768A-4404-B929-485C56D11436}"
EndProject
Project("{9A19103F-16F7-4668-BE54-9A1E7A4F7556}") = "QuickForecaster.Web.IntegrationTests", "QuickForecaster.Web.IntegrationTests\QuickForecaster.Web.IntegrationTests.csproj", "{25CE5A41-BB03-495E-B4D9-887F20B6361A}"
EndProject
Project("{9A19103F-16F7-4668-BE54-9A1E7A4F7556}") = "QuickForecaster.Database.IntegrationTests", "QuickForecaster.Database.IntegrationTests\QuickForecaster.Database.IntegrationTests.csproj", "{E55418D3-672C-4093-8120-76C45655121F}"
EndProject
Project("{FAE04EC0-301F-11D3-BF4B-00C04F79EFBC}") = "QuickForecaster.Database.UnitTests", "QuickForecaster.Database.UnitTests\QuickForecaster.Database.UnitTests.csproj", "{71893160-45F4-4F2F-80B1-C73651E836F8}"
EndProject
Project("{2150E333-8FDC-42A3-9474-1A3956D46DE8}") = "Solution Items", "Solution Items", "{072956ED-4138-472B-AD8B-AA7215BB01BD}"
	ProjectSection(SolutionItems) = preProject
		QuickForecaster.runsettings = QuickForecaster.runsettings
	EndProjectSection
EndProject
Global
	GlobalSection(SolutionConfigurationPlatforms) = preSolution
		Debug|Any CPU = Debug|Any CPU
		Release|Any CPU = Release|Any CPU
	EndGlobalSection
	GlobalSection(ProjectConfigurationPlatforms) = postSolution
		{B74ADC37-8711-4F7C-A423-AF02FD3D98E8}.Debug|Any CPU.ActiveCfg = Debug|Any CPU
		{B74ADC37-8711-4F7C-A423-AF02FD3D98E8}.Debug|Any CPU.Build.0 = Debug|Any CPU
		{B74ADC37-8711-4F7C-A423-AF02FD3D98E8}.Release|Any CPU.ActiveCfg = Release|Any CPU
		{B74ADC37-8711-4F7C-A423-AF02FD3D98E8}.Release|Any CPU.Build.0 = Release|Any CPU
		{926ED632-594E-433B-BA36-53C2D90ABD80}.Debug|Any CPU.ActiveCfg = Debug|Any CPU
		{926ED632-594E-433B-BA36-53C2D90ABD80}.Debug|Any CPU.Build.0 = Debug|Any CPU
		{926ED632-594E-433B-BA36-53C2D90ABD80}.Release|Any CPU.ActiveCfg = Release|Any CPU
		{926ED632-594E-433B-BA36-53C2D90ABD80}.Release|Any CPU.Build.0 = Release|Any CPU
		{2DB0ADF7-7133-43EC-89F6-594FF45532F9}.Debug|Any CPU.ActiveCfg = Debug|Any CPU
		{2DB0ADF7-7133-43EC-89F6-594FF45532F9}.Debug|Any CPU.Build.0 = Debug|Any CPU
		{2DB0ADF7-7133-43EC-89F6-594FF45532F9}.Release|Any CPU.ActiveCfg = Release|Any CPU
		{2DB0ADF7-7133-43EC-89F6-594FF45532F9}.Release|Any CPU.Build.0 = Release|Any CPU
		{2BA04E82-105A-465C-8800-CFF8C824358C}.Debug|Any CPU.ActiveCfg = Debug|Any CPU
		{2BA04E82-105A-465C-8800-CFF8C824358C}.Debug|Any CPU.Build.0 = Debug|Any CPU
		{2BA04E82-105A-465C-8800-CFF8C824358C}.Release|Any CPU.ActiveCfg = Release|Any CPU
		{2BA04E82-105A-465C-8800-CFF8C824358C}.Release|Any CPU.Build.0 = Release|Any CPU
		{E9235A50-3E31-4872-A08B-2768C9FEBBF0}.Debug|Any CPU.ActiveCfg = Debug|Any CPU
		{E9235A50-3E31-4872-A08B-2768C9FEBBF0}.Debug|Any CPU.Build.0 = Debug|Any CPU
		{E9235A50-3E31-4872-A08B-2768C9FEBBF0}.Release|Any CPU.ActiveCfg = Release|Any CPU
		{E9235A50-3E31-4872-A08B-2768C9FEBBF0}.Release|Any CPU.Build.0 = Release|Any CPU
		{2F8E7457-3742-46A5-94D2-C99BF8385F17}.Debug|Any CPU.ActiveCfg = Debug|Any CPU
		{2F8E7457-3742-46A5-94D2-C99BF8385F17}.Debug|Any CPU.Build.0 = Debug|Any CPU
		{2F8E7457-3742-46A5-94D2-C99BF8385F17}.Release|Any CPU.ActiveCfg = Release|Any CPU
		{2F8E7457-3742-46A5-94D2-C99BF8385F17}.Release|Any CPU.Build.0 = Release|Any CPU
		{D69CAAC0-5704-4B0A-8DE9-0C9E92DE69F2}.Debug|Any CPU.ActiveCfg = Debug|Any CPU
		{D69CAAC0-5704-4B0A-8DE9-0C9E92DE69F2}.Debug|Any CPU.Build.0 = Debug|Any CPU
		{D69CAAC0-5704-4B0A-8DE9-0C9E92DE69F2}.Release|Any CPU.ActiveCfg = Release|Any CPU
		{D69CAAC0-5704-4B0A-8DE9-0C9E92DE69F2}.Release|Any CPU.Build.0 = Release|Any CPU
		{25CE5A41-BB03-495E-B4D9-887F20B6361A}.Debug|Any CPU.ActiveCfg = Debug|Any CPU
		{25CE5A41-BB03-495E-B4D9-887F20B6361A}.Debug|Any CPU.Build.0 = Debug|Any CPU
		{25CE5A41-BB03-495E-B4D9-887F20B6361A}.Release|Any CPU.ActiveCfg = Release|Any CPU
		{25CE5A41-BB03-495E-B4D9-887F20B6361A}.Release|Any CPU.Build.0 = Release|Any CPU
		{E55418D3-672C-4093-8120-76C45655121F}.Debug|Any CPU.ActiveCfg = Debug|Any CPU
		{E55418D3-672C-4093-8120-76C45655121F}.Debug|Any CPU.Build.0 = Debug|Any CPU
		{E55418D3-672C-4093-8120-76C45655121F}.Release|Any CPU.ActiveCfg = Release|Any CPU
		{E55418D3-672C-4093-8120-76C45655121F}.Release|Any CPU.Build.0 = Release|Any CPU
		{71893160-45F4-4F2F-80B1-C73651E836F8}.Debug|Any CPU.ActiveCfg = Debug|Any CPU
		{71893160-45F4-4F2F-80B1-C73651E836F8}.Debug|Any CPU.Build.0 = Debug|Any CPU
		{71893160-45F4-4F2F-80B1-C73651E836F8}.Release|Any CPU.ActiveCfg = Release|Any CPU
		{71893160-45F4-4F2F-80B1-C73651E836F8}.Release|Any CPU.Build.0 = Release|Any CPU
	EndGlobalSection
	GlobalSection(SolutionProperties) = preSolution
		HideSolutionNode = FALSE
	EndGlobalSection
	GlobalSection(NestedProjects) = preSolution
		{595EFF49-7935-458A-B5E7-31F132F3172E} = {C8E7DA8F-2CC2-4503-800C-0E08B82D5DD5}
		{B74ADC37-8711-4F7C-A423-AF02FD3D98E8} = {595EFF49-7935-458A-B5E7-31F132F3172E}
		{926ED632-594E-433B-BA36-53C2D90ABD80} = {595EFF49-7935-458A-B5E7-31F132F3172E}
		{CF0327ED-1C97-4E34-9157-81F00A91234F} = {C8E7DA8F-2CC2-4503-800C-0E08B82D5DD5}
		{2DB0ADF7-7133-43EC-89F6-594FF45532F9} = {CF0327ED-1C97-4E34-9157-81F00A91234F}
		{7E34F914-C6BE-4F9C-A6C9-829E87BC0C88} = {C8E7DA8F-2CC2-4503-800C-0E08B82D5DD5}
		{2BA04E82-105A-465C-8800-CFF8C824358C} = {7E34F914-C6BE-4F9C-A6C9-829E87BC0C88}
		{524C2DE4-5FAD-4ABB-BACA-AD75E2DA36FB} = {6D5423C7-97D0-4B83-BE88-B06C0CC71DD3}
		{E9235A50-3E31-4872-A08B-2768C9FEBBF0} = {524C2DE4-5FAD-4ABB-BACA-AD75E2DA36FB}
		{9C6CB11C-AA06-416D-8555-7EA548051637} = {C8E7DA8F-2CC2-4503-800C-0E08B82D5DD5}
		{2F8E7457-3742-46A5-94D2-C99BF8385F17} = {9C6CB11C-AA06-416D-8555-7EA548051637}
		{D69CAAC0-5704-4B0A-8DE9-0C9E92DE69F2} = {CF0327ED-1C97-4E34-9157-81F00A91234F}
		{10717968-768A-4404-B929-485C56D11436} = {6D5423C7-97D0-4B83-BE88-B06C0CC71DD3}
		{25CE5A41-BB03-495E-B4D9-887F20B6361A} = {10717968-768A-4404-B929-485C56D11436}
		{E55418D3-672C-4093-8120-76C45655121F} = {10717968-768A-4404-B929-485C56D11436}
		{71893160-45F4-4F2F-80B1-C73651E836F8} = {524C2DE4-5FAD-4ABB-BACA-AD75E2DA36FB}
	EndGlobalSection
	GlobalSection(ExtensibilityGlobals) = postSolution
		SolutionGuid = {623111B1-B3D9-483F-988E-02AF0478DC07}
	EndGlobalSection
EndGlobal
